// !$*UTF8*$!
{
	archiveVersion = 1;
	classes = {
	};
	objectVersion = 51;
	objects = {

/* Begin PBXBuildFile section */
		14A617A62469649200B699C2 /* AppDelegate.swift in Sources */ = {isa = PBXBuildFile; fileRef = 14A617A52469649200B699C2 /* AppDelegate.swift */; };
		14A617AC2469649600B699C2 /* Assets.xcassets in Resources */ = {isa = PBXBuildFile; fileRef = 14A617AB2469649600B699C2 /* Assets.xcassets */; };
		14A617B22469649600B699C2 /* LaunchScreen.storyboard in Resources */ = {isa = PBXBuildFile; fileRef = 14A617B02469649600B699C2 /* LaunchScreen.storyboard */; };
		14A617C9246A304C00B699C2 /* ListView.swift in Sources */ = {isa = PBXBuildFile; fileRef = 14A617C7246A304C00B699C2 /* ListView.swift */; };
		14A617CA246A304C00B699C2 /* List.xib in Resources */ = {isa = PBXBuildFile; fileRef = 14A617C8246A304C00B699C2 /* List.xib */; };
		14A617CD246A308700B699C2 /* ListPresenter.swift in Sources */ = {isa = PBXBuildFile; fileRef = 14A617CC246A308700B699C2 /* ListPresenter.swift */; };
		14A617D2246A347C00B699C2 /* NibLoadableView.swift in Sources */ = {isa = PBXBuildFile; fileRef = 14A617D1246A347C00B699C2 /* NibLoadableView.swift */; };
		14A617D4246A34B200B699C2 /* ReusableView.swift in Sources */ = {isa = PBXBuildFile; fileRef = 14A617D3246A34B200B699C2 /* ReusableView.swift */; };
		14A617D6246A34DD00B699C2 /* UITableView+Extension.swift in Sources */ = {isa = PBXBuildFile; fileRef = 14A617D5246A34DD00B699C2 /* UITableView+Extension.swift */; };
		14A617D8246A356C00B699C2 /* UIViewController+Routing.swift in Sources */ = {isa = PBXBuildFile; fileRef = 14A617D7246A356C00B699C2 /* UIViewController+Routing.swift */; };
		14A617DB246A35E200B699C2 /* Constants.swift in Sources */ = {isa = PBXBuildFile; fileRef = 14A617DA246A35E200B699C2 /* Constants.swift */; };
		14A617E1246A382200B699C2 /* ListViewCell.swift in Sources */ = {isa = PBXBuildFile; fileRef = 14A617DF246A382200B699C2 /* ListViewCell.swift */; };
		14A617E2246A382200B699C2 /* ListViewCell.xib in Resources */ = {isa = PBXBuildFile; fileRef = 14A617E0246A382200B699C2 /* ListViewCell.xib */; };
		14A617EB246A3A2A00B699C2 /* Event.swift in Sources */ = {isa = PBXBuildFile; fileRef = 14A617EA246A3A2A00B699C2 /* Event.swift */; };
		14A617EE246A3B5E00B699C2 /* DataManager.swift in Sources */ = {isa = PBXBuildFile; fileRef = 14A617ED246A3B5E00B699C2 /* DataManager.swift */; };
		14A617F0246A3C3500B699C2 /* events.json in Resources */ = {isa = PBXBuildFile; fileRef = 14A617EF246A3C3500B699C2 /* events.json */; };
		14A617F2246A401200B699C2 /* EventList.swift in Sources */ = {isa = PBXBuildFile; fileRef = 14A617F1246A401200B699C2 /* EventList.swift */; };
/* End PBXBuildFile section */

/* Begin PBXFileReference section */
		14A617A22469649200B699C2 /* PixelsMatter.app */ = {isa = PBXFileReference; explicitFileType = wrapper.application; includeInIndex = 0; path = PixelsMatter.app; sourceTree = BUILT_PRODUCTS_DIR; };
		14A617A52469649200B699C2 /* AppDelegate.swift */ = {isa = PBXFileReference; lastKnownFileType = sourcecode.swift; path = AppDelegate.swift; sourceTree = "<group>"; };
		14A617AB2469649600B699C2 /* Assets.xcassets */ = {isa = PBXFileReference; lastKnownFileType = folder.assetcatalog; path = Assets.xcassets; sourceTree = "<group>"; };
		14A617B12469649600B699C2 /* Base */ = {isa = PBXFileReference; lastKnownFileType = file.storyboard; name = Base; path = Base.lproj/LaunchScreen.storyboard; sourceTree = "<group>"; };
		14A617B32469649600B699C2 /* Info.plist */ = {isa = PBXFileReference; lastKnownFileType = text.plist.xml; path = Info.plist; sourceTree = "<group>"; };
		14A617C7246A304C00B699C2 /* ListView.swift */ = {isa = PBXFileReference; lastKnownFileType = sourcecode.swift; path = ListView.swift; sourceTree = "<group>"; };
		14A617C8246A304C00B699C2 /* List.xib */ = {isa = PBXFileReference; lastKnownFileType = file.xib; path = List.xib; sourceTree = "<group>"; };
		14A617CC246A308700B699C2 /* ListPresenter.swift */ = {isa = PBXFileReference; lastKnownFileType = sourcecode.swift; path = ListPresenter.swift; sourceTree = "<group>"; };
		14A617D1246A347C00B699C2 /* NibLoadableView.swift */ = {isa = PBXFileReference; lastKnownFileType = sourcecode.swift; path = NibLoadableView.swift; sourceTree = "<group>"; };
		14A617D3246A34B200B699C2 /* ReusableView.swift */ = {isa = PBXFileReference; lastKnownFileType = sourcecode.swift; path = ReusableView.swift; sourceTree = "<group>"; };
		14A617D5246A34DD00B699C2 /* UITableView+Extension.swift */ = {isa = PBXFileReference; lastKnownFileType = sourcecode.swift; path = "UITableView+Extension.swift"; sourceTree = "<group>"; };
		14A617D7246A356C00B699C2 /* UIViewController+Routing.swift */ = {isa = PBXFileReference; lastKnownFileType = sourcecode.swift; path = "UIViewController+Routing.swift"; sourceTree = "<group>"; };
		14A617DA246A35E200B699C2 /* Constants.swift */ = {isa = PBXFileReference; lastKnownFileType = sourcecode.swift; path = Constants.swift; sourceTree = "<group>"; };
		14A617DF246A382200B699C2 /* ListViewCell.swift */ = {isa = PBXFileReference; lastKnownFileType = sourcecode.swift; path = ListViewCell.swift; sourceTree = "<group>"; };
		14A617E0246A382200B699C2 /* ListViewCell.xib */ = {isa = PBXFileReference; lastKnownFileType = file.xib; path = ListViewCell.xib; sourceTree = "<group>"; };
		14A617EA246A3A2A00B699C2 /* Event.swift */ = {isa = PBXFileReference; lastKnownFileType = sourcecode.swift; path = Event.swift; sourceTree = "<group>"; };
		14A617ED246A3B5E00B699C2 /* DataManager.swift */ = {isa = PBXFileReference; lastKnownFileType = sourcecode.swift; path = DataManager.swift; sourceTree = "<group>"; };
		14A617EF246A3C3500B699C2 /* events.json */ = {isa = PBXFileReference; fileEncoding = 4; lastKnownFileType = text.json; path = events.json; sourceTree = "<group>"; };
		14A617F1246A401200B699C2 /* EventList.swift */ = {isa = PBXFileReference; lastKnownFileType = sourcecode.swift; path = EventList.swift; sourceTree = "<group>"; };
/* End PBXFileReference section */

/* Begin PBXFrameworksBuildPhase section */
		14A6179F2469649200B699C2 /* Frameworks */ = {
			isa = PBXFrameworksBuildPhase;
			buildActionMask = 2147483647;
			files = (
			);
			runOnlyForDeploymentPostprocessing = 0;
		};
/* End PBXFrameworksBuildPhase section */

/* Begin PBXGroup section */
		14A617992469649200B699C2 = {
			isa = PBXGroup;
			children = (
				14A617A42469649200B699C2 /* PixelsMatter */,
				14A617A32469649200B699C2 /* Products */,
			);
			sourceTree = "<group>";
		};
		14A617A32469649200B699C2 /* Products */ = {
			isa = PBXGroup;
			children = (
				14A617A22469649200B699C2 /* PixelsMatter.app */,
			);
			name = Products;
			sourceTree = "<group>";
		};
		14A617A42469649200B699C2 /* PixelsMatter */ = {
			isa = PBXGroup;
			children = (
				14A617B9246965E300B699C2 /* Application Layer */,
				14A617BE2469662500B699C2 /* Core Layer */,
				14A617BD2469660C00B699C2 /* Presentation Layer */,
				14A617BC246965FC00B699C2 /* Supporting Files */,
			);
			path = PixelsMatter;
			sourceTree = "<group>";
		};
		14A617B9246965E300B699C2 /* Application Layer */ = {
			isa = PBXGroup;
			children = (
				14A617A52469649200B699C2 /* AppDelegate.swift */,
			);
			path = "Application Layer";
			sourceTree = "<group>";
		};
		14A617BC246965FC00B699C2 /* Supporting Files */ = {
			isa = PBXGroup;
			children = (
				14A617EF246A3C3500B699C2 /* events.json */,
				14A617B32469649600B699C2 /* Info.plist */,
				14A617B02469649600B699C2 /* LaunchScreen.storyboard */,
			);
			path = "Supporting Files";
			sourceTree = "<group>";
		};
		14A617BD2469660C00B699C2 /* Presentation Layer */ = {
			isa = PBXGroup;
			children = (
				14A617C0246A2AF100B699C2 /* Common */,
				14A617C1246A2AF900B699C2 /* Modules */,
			);
			path = "Presentation Layer";
			sourceTree = "<group>";
		};
		14A617BE2469662500B699C2 /* Core Layer */ = {
			isa = PBXGroup;
			children = (
				14A617EC246A3B5100B699C2 /* Managers */,
				14A617E3246A39E100B699C2 /* Model */,
				14A617D9246A35D400B699C2 /* Constants */,
				14A617CF246A33EB00B699C2 /* Protocols */,
				14A617CE246A33E700B699C2 /* Extensions */,
			);
			path = "Core Layer";
			sourceTree = "<group>";
		};
		14A617BF2469662F00B699C2 /* Assets */ = {
			isa = PBXGroup;
			children = (
				14A617AB2469649600B699C2 /* Assets.xcassets */,
			);
			path = Assets;
			sourceTree = "<group>";
		};
		14A617C0246A2AF100B699C2 /* Common */ = {
			isa = PBXGroup;
			children = (
				14A617DC246A37C300B699C2 /* Cells */,
				14A617BF2469662F00B699C2 /* Assets */,
			);
			path = Common;
			sourceTree = "<group>";
		};
		14A617C1246A2AF900B699C2 /* Modules */ = {
			isa = PBXGroup;
			children = (
				14A617C2246A2B2200B699C2 /* List */,
			);
			path = Modules;
			sourceTree = "<group>";
		};
		14A617C2246A2B2200B699C2 /* List */ = {
			isa = PBXGroup;
			children = (
				14A617C8246A304C00B699C2 /* List.xib */,
				14A617C7246A304C00B699C2 /* ListView.swift */,
				14A617CC246A308700B699C2 /* ListPresenter.swift */,
			);
			path = List;
			sourceTree = "<group>";
		};
		14A617CE246A33E700B699C2 /* Extensions */ = {
			isa = PBXGroup;
			children = (
				14A617D5246A34DD00B699C2 /* UITableView+Extension.swift */,
				14A617D7246A356C00B699C2 /* UIViewController+Routing.swift */,
			);
			path = Extensions;
			sourceTree = "<group>";
		};
		14A617CF246A33EB00B699C2 /* Protocols */ = {
			isa = PBXGroup;
			children = (
				14A617D1246A347C00B699C2 /* NibLoadableView.swift */,
				14A617D3246A34B200B699C2 /* ReusableView.swift */,
			);
			path = Protocols;
			sourceTree = "<group>";
		};
		14A617D9246A35D400B699C2 /* Constants */ = {
			isa = PBXGroup;
			children = (
				14A617DA246A35E200B699C2 /* Constants.swift */,
			);
			path = Constants;
			sourceTree = "<group>";
		};
		14A617DC246A37C300B699C2 /* Cells */ = {
			isa = PBXGroup;
			children = (
				14A617DD246A37FF00B699C2 /* List */,
			);
			path = Cells;
			sourceTree = "<group>";
		};
		14A617DD246A37FF00B699C2 /* List */ = {
			isa = PBXGroup;
			children = (
				14A617DF246A382200B699C2 /* ListViewCell.swift */,
				14A617E0246A382200B699C2 /* ListViewCell.xib */,
			);
			path = List;
			sourceTree = "<group>";
		};
		14A617E3246A39E100B699C2 /* Model */ = {
			isa = PBXGroup;
			children = (
				14A617E4246A39E500B699C2 /* Entities */,
			);
			path = Model;
			sourceTree = "<group>";
		};
		14A617E4246A39E500B699C2 /* Entities */ = {
			isa = PBXGroup;
			children = (
				14A617EA246A3A2A00B699C2 /* Event.swift */,
				14A617F1246A401200B699C2 /* EventList.swift */,
			);
			path = Entities;
			sourceTree = "<group>";
		};
		14A617EC246A3B5100B699C2 /* Managers */ = {
			isa = PBXGroup;
			children = (
				14A617ED246A3B5E00B699C2 /* DataManager.swift */,
			);
			path = Managers;
			sourceTree = "<group>";
		};
/* End PBXGroup section */

/* Begin PBXNativeTarget section */
		14A617A12469649200B699C2 /* PixelsMatter */ = {
			isa = PBXNativeTarget;
			buildConfigurationList = 14A617B62469649600B699C2 /* Build configuration list for PBXNativeTarget "PixelsMatter" */;
			buildPhases = (
				14A6179E2469649200B699C2 /* Sources */,
				14A6179F2469649200B699C2 /* Frameworks */,
				14A617A02469649200B699C2 /* Resources */,
			);
			buildRules = (
			);
			dependencies = (
			);
			name = PixelsMatter;
			productName = PixelsMatter;
			productReference = 14A617A22469649200B699C2 /* PixelsMatter.app */;
			productType = "com.apple.product-type.application";
		};
/* End PBXNativeTarget section */

/* Begin PBXProject section */
		14A6179A2469649200B699C2 /* Project object */ = {
			isa = PBXProject;
			attributes = {
				LastSwiftUpdateCheck = 1120;
				LastUpgradeCheck = 1120;
				ORGANIZATIONNAME = nanosem;
				TargetAttributes = {
					14A617A12469649200B699C2 = {
						CreatedOnToolsVersion = 11.2.1;
					};
				};
			};
			buildConfigurationList = 14A6179D2469649200B699C2 /* Build configuration list for PBXProject "PixelsMatter" */;
			compatibilityVersion = "Xcode 9.3";
			developmentRegion = en;
			hasScannedForEncodings = 0;
			knownRegions = (
				en,
				Base,
			);
			mainGroup = 14A617992469649200B699C2;
			productRefGroup = 14A617A32469649200B699C2 /* Products */;
			projectDirPath = "";
			projectRoot = "";
			targets = (
				14A617A12469649200B699C2 /* PixelsMatter */,
			);
		};
/* End PBXProject section */

/* Begin PBXResourcesBuildPhase section */
		14A617A02469649200B699C2 /* Resources */ = {
			isa = PBXResourcesBuildPhase;
			buildActionMask = 2147483647;
			files = (
				14A617E2246A382200B699C2 /* ListViewCell.xib in Resources */,
				14A617B22469649600B699C2 /* LaunchScreen.storyboard in Resources */,
				14A617F0246A3C3500B699C2 /* events.json in Resources */,
				14A617AC2469649600B699C2 /* Assets.xcassets in Resources */,
				14A617CA246A304C00B699C2 /* List.xib in Resources */,
			);
			runOnlyForDeploymentPostprocessing = 0;
		};
/* End PBXResourcesBuildPhase section */

/* Begin PBXSourcesBuildPhase section */
		14A6179E2469649200B699C2 /* Sources */ = {
			isa = PBXSourcesBuildPhase;
			buildActionMask = 2147483647;
			files = (
				14A617F2246A401200B699C2 /* EventList.swift in Sources */,
				14A617EB246A3A2A00B699C2 /* Event.swift in Sources */,
				14A617D2246A347C00B699C2 /* NibLoadableView.swift in Sources */,
				14A617D4246A34B200B699C2 /* ReusableView.swift in Sources */,
				14A617C9246A304C00B699C2 /* ListView.swift in Sources */,
				14A617CD246A308700B699C2 /* ListPresenter.swift in Sources */,
				14A617D8246A356C00B699C2 /* UIViewController+Routing.swift in Sources */,
				14A617A62469649200B699C2 /* AppDelegate.swift in Sources */,
				14A617D6246A34DD00B699C2 /* UITableView+Extension.swift in Sources */,
				14A617EE246A3B5E00B699C2 /* DataManager.swift in Sources */,
				14A617E1246A382200B699C2 /* ListViewCell.swift in Sources */,
				14A617DB246A35E200B699C2 /* Constants.swift in Sources */,
			);
			runOnlyForDeploymentPostprocessing = 0;
		};
/* End PBXSourcesBuildPhase section */

/* Begin PBXVariantGroup section */
		14A617B02469649600B699C2 /* LaunchScreen.storyboard */ = {
			isa = PBXVariantGroup;
			children = (
				14A617B12469649600B699C2 /* Base */,
			);
			name = LaunchScreen.storyboard;
			sourceTree = "<group>";
		};
/* End PBXVariantGroup section */

/* Begin XCBuildConfiguration section */
		14A617B42469649600B699C2 /* Debug */ = {
			isa = XCBuildConfiguration;
			buildSettings = {
				ALWAYS_SEARCH_USER_PATHS = NO;
				CLANG_ANALYZER_NONNULL = YES;
				CLANG_ANALYZER_NUMBER_OBJECT_CONVERSION = YES_AGGRESSIVE;
				CLANG_CXX_LANGUAGE_STANDARD = "gnu++14";
				CLANG_CXX_LIBRARY = "libc++";
				CLANG_ENABLE_MODULES = YES;
				CLANG_ENABLE_OBJC_ARC = YES;
				CLANG_ENABLE_OBJC_WEAK = YES;
				CLANG_WARN_BLOCK_CAPTURE_AUTORELEASING = YES;
				CLANG_WARN_BOOL_CONVERSION = YES;
				CLANG_WARN_COMMA = YES;
				CLANG_WARN_CONSTANT_CONVERSION = YES;
				CLANG_WARN_DEPRECATED_OBJC_IMPLEMENTATIONS = YES;
				CLANG_WARN_DIRECT_OBJC_ISA_USAGE = YES_ERROR;
				CLANG_WARN_DOCUMENTATION_COMMENTS = YES;
				CLANG_WARN_EMPTY_BODY = YES;
				CLANG_WARN_ENUM_CONVERSION = YES;
				CLANG_WARN_INFINITE_RECURSION = YES;
				CLANG_WARN_INT_CONVERSION = YES;
				CLANG_WARN_NON_LITERAL_NULL_CONVERSION = YES;
				CLANG_WARN_OBJC_IMPLICIT_RETAIN_SELF = YES;
				CLANG_WARN_OBJC_LITERAL_CONVERSION = YES;
				CLANG_WARN_OBJC_ROOT_CLASS = YES_ERROR;
				CLANG_WARN_RANGE_LOOP_ANALYSIS = YES;
				CLANG_WARN_STRICT_PROTOTYPES = YES;
				CLANG_WARN_SUSPICIOUS_MOVE = YES;
				CLANG_WARN_UNGUARDED_AVAILABILITY = YES_AGGRESSIVE;
				CLANG_WARN_UNREACHABLE_CODE = YES;
				CLANG_WARN__DUPLICATE_METHOD_MATCH = YES;
				COPY_PHASE_STRIP = NO;
				DEBUG_INFORMATION_FORMAT = dwarf;
				ENABLE_STRICT_OBJC_MSGSEND = YES;
				ENABLE_TESTABILITY = YES;
				GCC_C_LANGUAGE_STANDARD = gnu11;
				GCC_DYNAMIC_NO_PIC = NO;
				GCC_NO_COMMON_BLOCKS = YES;
				GCC_OPTIMIZATION_LEVEL = 0;
				GCC_PREPROCESSOR_DEFINITIONS = (
					"DEBUG=1",
					"$(inherited)",
				);
				GCC_WARN_64_TO_32_BIT_CONVERSION = YES;
				GCC_WARN_ABOUT_RETURN_TYPE = YES_ERROR;
				GCC_WARN_UNDECLARED_SELECTOR = YES;
				GCC_WARN_UNINITIALIZED_AUTOS = YES_AGGRESSIVE;
				GCC_WARN_UNUSED_FUNCTION = YES;
				GCC_WARN_UNUSED_VARIABLE = YES;
				IPHONEOS_DEPLOYMENT_TARGET = 13.2;
				MTL_ENABLE_DEBUG_INFO = INCLUDE_SOURCE;
				MTL_FAST_MATH = YES;
				ONLY_ACTIVE_ARCH = YES;
				SDKROOT = iphoneos;
				SWIFT_ACTIVE_COMPILATION_CONDITIONS = DEBUG;
				SWIFT_OPTIMIZATION_LEVEL = "-Onone";
			};
			name = Debug;
		};
		14A617B52469649600B699C2 /* Release */ = {
			isa = XCBuildConfiguration;
			buildSettings = {
				ALWAYS_SEARCH_USER_PATHS = NO;
				CLANG_ANALYZER_NONNULL = YES;
				CLANG_ANALYZER_NUMBER_OBJECT_CONVERSION = YES_AGGRESSIVE;
				CLANG_CXX_LANGUAGE_STANDARD = "gnu++14";
				CLANG_CXX_LIBRARY = "libc++";
				CLANG_ENABLE_MODULES = YES;
				CLANG_ENABLE_OBJC_ARC = YES;
				CLANG_ENABLE_OBJC_WEAK = YES;
				CLANG_WARN_BLOCK_CAPTURE_AUTORELEASING = YES;
				CLANG_WARN_BOOL_CONVERSION = YES;
				CLANG_WARN_COMMA = YES;
				CLANG_WARN_CONSTANT_CONVERSION = YES;
				CLANG_WARN_DEPRECATED_OBJC_IMPLEMENTATIONS = YES;
				CLANG_WARN_DIRECT_OBJC_ISA_USAGE = YES_ERROR;
				CLANG_WARN_DOCUMENTATION_COMMENTS = YES;
				CLANG_WARN_EMPTY_BODY = YES;
				CLANG_WARN_ENUM_CONVERSION = YES;
				CLANG_WARN_INFINITE_RECURSION = YES;
				CLANG_WARN_INT_CONVERSION = YES;
				CLANG_WARN_NON_LITERAL_NULL_CONVERSION = YES;
				CLANG_WARN_OBJC_IMPLICIT_RETAIN_SELF = YES;
				CLANG_WARN_OBJC_LITERAL_CONVERSION = YES;
				CLANG_WARN_OBJC_ROOT_CLASS = YES_ERROR;
				CLANG_WARN_RANGE_LOOP_ANALYSIS = YES;
				CLANG_WARN_STRICT_PROTOTYPES = YES;
				CLANG_WARN_SUSPICIOUS_MOVE = YES;
				CLANG_WARN_UNGUARDED_AVAILABILITY = YES_AGGRESSIVE;
				CLANG_WARN_UNREACHABLE_CODE = YES;
				CLANG_WARN__DUPLICATE_METHOD_MATCH = YES;
				COPY_PHASE_STRIP = NO;
				DEBUG_INFORMATION_FORMAT = "dwarf-with-dsym";
				ENABLE_NS_ASSERTIONS = NO;
				ENABLE_STRICT_OBJC_MSGSEND = YES;
				GCC_C_LANGUAGE_STANDARD = gnu11;
				GCC_NO_COMMON_BLOCKS = YES;
				GCC_WARN_64_TO_32_BIT_CONVERSION = YES;
				GCC_WARN_ABOUT_RETURN_TYPE = YES_ERROR;
				GCC_WARN_UNDECLARED_SELECTOR = YES;
				GCC_WARN_UNINITIALIZED_AUTOS = YES_AGGRESSIVE;
				GCC_WARN_UNUSED_FUNCTION = YES;
				GCC_WARN_UNUSED_VARIABLE = YES;
				IPHONEOS_DEPLOYMENT_TARGET = 13.2;
				MTL_ENABLE_DEBUG_INFO = NO;
				MTL_FAST_MATH = YES;
				SDKROOT = iphoneos;
				SWIFT_COMPILATION_MODE = wholemodule;
				SWIFT_OPTIMIZATION_LEVEL = "-O";
				VALIDATE_PRODUCT = YES;
			};
			name = Release;
		};
		14A617B72469649600B699C2 /* Debug */ = {
			isa = XCBuildConfiguration;
			buildSettings = {
				ASSETCATALOG_COMPILER_APPICON_NAME = AppIcon;
				CODE_SIGN_STYLE = Automatic;
				DEVELOPMENT_TEAM = 2QV58826D5;
				ENABLE_PREVIEWS = YES;
				INFOPLIST_FILE = "PixelsMatter/Supporting Files/Info.plist";
				IPHONEOS_DEPLOYMENT_TARGET = 12.0;
				LD_RUNPATH_SEARCH_PATHS = (
					"$(inherited)",
					"@executable_path/Frameworks",
				);
				PRODUCT_BUNDLE_IDENTIFIER = com.nanosem.PixelsMatter;
				PRODUCT_NAME = "$(TARGET_NAME)";
				SWIFT_VERSION = 5.0;
				TARGETED_DEVICE_FAMILY = "1,2";
			};
			name = Debug;
		};
		14A617B82469649600B699C2 /* Release */ = {
			isa = XCBuildConfiguration;
			buildSettings = {
				ASSETCATALOG_COMPILER_APPICON_NAME = AppIcon;
				CODE_SIGN_STYLE = Automatic;
				DEVELOPMENT_TEAM = 2QV58826D5;
				ENABLE_PREVIEWS = YES;
				INFOPLIST_FILE = "PixelsMatter/Supporting Files/Info.plist";
				IPHONEOS_DEPLOYMENT_TARGET = 12.0;
				LD_RUNPATH_SEARCH_PATHS = (
					"$(inherited)",
					"@executable_path/Frameworks",
				);
				PRODUCT_BUNDLE_IDENTIFIER = com.nanosem.PixelsMatter;
				PRODUCT_NAME = "$(TARGET_NAME)";
				SWIFT_VERSION = 5.0;
				TARGETED_DEVICE_FAMILY = "1,2";
			};
			name = Release;
		};
/* End XCBuildConfiguration section */

/* Begin XCConfigurationList section */
		14A6179D2469649200B699C2 /* Build configuration list for PBXProject "PixelsMatter" */ = {
			isa = XCConfigurationList;
			buildConfigurations = (
				14A617B42469649600B699C2 /* Debug */,
				14A617B52469649600B699C2 /* Release */,
			);
			defaultConfigurationIsVisible = 0;
			defaultConfigurationName = Release;
		};
		14A617B62469649600B699C2 /* Build configuration list for PBXNativeTarget "PixelsMatter" */ = {
			isa = XCConfigurationList;
			buildConfigurations = (
				14A617B72469649600B699C2 /* Debug */,
				14A617B82469649600B699C2 /* Release */,
			);
			defaultConfigurationIsVisible = 0;
			defaultConfigurationName = Release;
		};
/* End XCConfigurationList section */
	};
	rootObject = 14A6179A2469649200B699C2 /* Project object */;
}
